
Microsoft Visual Studio Solution File, Format Version 12.00
# Visual Studio Version 16
VisualStudioVersion = 16.0.30503.244
MinimumVisualStudioVersion = 10.0.40219.1
Project("{9A19103F-16F7-4668-BE54-9A1E7A4F7556}") = "MTU", "MTU.csproj", "{8D06A8A9-08F3-464E-8EA7-D619973ECE74}"
EndProject
Global
	GlobalSection(SolutionConfigurationPlatforms) = preSolution
		Debug|Any CPU = Debug|Any CPU
		Release|Any CPU = Release|Any CPU
	EndGlobalSection
	GlobalSection(ProjectConfigurationPlatforms) = postSolution
		{8D06A8A9-08F3-464E-8EA7-D619973ECE74}.Debug|Any CPU.ActiveCfg = Debug|Any CPU
		{8D06A8A9-08F3-464E-8EA7-D619973ECE74}.Debug|Any CPU.Build.0 = Debug|Any CPU
		{8D06A8A9-08F3-464E-8EA7-D619973ECE74}.Release|Any CPU.ActiveCfg = Release|Any CPU
		{8D06A8A9-08F3-464E-8EA7-D619973ECE74}.Release|Any CPU.Build.0 = Release|Any CPU
	EndGlobalSection
	GlobalSection(SolutionProperties) = preSolution
		HideSolutionNode = FALSE
	EndGlobalSection
	GlobalSection(ExtensibilityGlobals) = postSolution
		SolutionGuid = {C67BA7F8-0452-42FC-8B60-8989590254F2}
	EndGlobalSection
EndGlobal
